// !$*UTF8*$!
{
	archiveVersion = 1;
	classes = {
	};
	objectVersion = 46;
	objects = {

/* Begin PBXBuildFile section */
		813DACDC1EAD5AE900E701C4 /* main.cpp in Sources */ = {isa = PBXBuildFile; fileRef = 813DACDB1EAD5AE900E701C4 /* main.cpp */; };
		813DACE41EAD5B7C00E701C4 /* AdderRemover.cpp in Sources */ = {isa = PBXBuildFile; fileRef = 813DACE31EAD5B7C00E701C4 /* AdderRemover.cpp */; };
		813DACE71EAD5C5C00E701C4 /* ARTraverser.cpp in Sources */ = {isa = PBXBuildFile; fileRef = 813DACE51EAD5C5C00E701C4 /* ARTraverser.cpp */; };
		813DACEA1EAD5CD200E701C4 /* Node.cpp in Sources */ = {isa = PBXBuildFile; fileRef = 813DACE81EAD5CD200E701C4 /* Node.cpp */; };
/* End PBXBuildFile section */

/* Begin PBXCopyFilesBuildPhase section */
		813DACD61EAD5AE900E701C4 /* CopyFiles */ = {
			isa = PBXCopyFilesBuildPhase;
			buildActionMask = 2147483647;
			dstPath = /usr/share/man/man1/;
			dstSubfolderSpec = 0;
			files = (
			);
			runOnlyForDeploymentPostprocessing = 1;
		};
/* End PBXCopyFilesBuildPhase section */

/* Begin PBXFileReference section */
		813DACD81EAD5AE900E701C4 /* OOP-HW2 */ = {isa = PBXFileReference; explicitFileType = "compiled.mach-o.executable"; includeInIndex = 0; path = "OOP-HW2"; sourceTree = BUILT_PRODUCTS_DIR; };
		813DACDB1EAD5AE900E701C4 /* main.cpp */ = {isa = PBXFileReference; lastKnownFileType = sourcecode.cpp.cpp; path = main.cpp; sourceTree = "<group>"; };
		813DACE21EAD5B0F00E701C4 /* AdderRemover.h */ = {isa = PBXFileReference; fileEncoding = 4; lastKnownFileType = sourcecode.c.h; path = AdderRemover.h; sourceTree = "<group>"; };
		813DACE31EAD5B7C00E701C4 /* AdderRemover.cpp */ = {isa = PBXFileReference; fileEncoding = 4; lastKnownFileType = sourcecode.cpp.cpp; path = AdderRemover.cpp; sourceTree = "<group>"; };
		813DACE51EAD5C5C00E701C4 /* ARTraverser.cpp */ = {isa = PBXFileReference; fileEncoding = 4; lastKnownFileType = sourcecode.cpp.cpp; path = ARTraverser.cpp; sourceTree = "<group>"; };
		813DACE61EAD5C5C00E701C4 /* ARTraverser.h */ = {isa = PBXFileReference; fileEncoding = 4; lastKnownFileType = sourcecode.c.h; path = ARTraverser.h; sourceTree = "<group>"; };
		813DACE81EAD5CD200E701C4 /* Node.cpp */ = {isa = PBXFileReference; fileEncoding = 4; lastKnownFileType = sourcecode.cpp.cpp; path = Node.cpp; sourceTree = "<group>"; };
		813DACE91EAD5CD200E701C4 /* Node.h */ = {isa = PBXFileReference; fileEncoding = 4; lastKnownFileType = sourcecode.c.h; path = Node.h; sourceTree = "<group>"; };
/* End PBXFileReference section */

/* Begin PBXFrameworksBuildPhase section */
		813DACD51EAD5AE900E701C4 /* Frameworks */ = {
			isa = PBXFrameworksBuildPhase;
			buildActionMask = 2147483647;
			files = (
			);
			runOnlyForDeploymentPostprocessing = 0;
		};
/* End PBXFrameworksBuildPhase section */

/* Begin PBXGroup section */
		813DACCF1EAD5AE900E701C4 = {
			isa = PBXGroup;
			children = (
				813DACDA1EAD5AE900E701C4 /* OOP-HW2 */,
				813DACD91EAD5AE900E701C4 /* Products */,
			);
			sourceTree = "<group>";
		};
		813DACD91EAD5AE900E701C4 /* Products */ = {
			isa = PBXGroup;
			children = (
				813DACD81EAD5AE900E701C4 /* OOP-HW2 */,
			);
			name = Products;
			sourceTree = "<group>";
		};
		813DACDA1EAD5AE900E701C4 /* OOP-HW2 */ = {
			isa = PBXGroup;
			children = (
				813DACDB1EAD5AE900E701C4 /* main.cpp */,
				813DACE21EAD5B0F00E701C4 /* AdderRemover.h */,
				813DACE31EAD5B7C00E701C4 /* AdderRemover.cpp */,
				813DACE61EAD5C5C00E701C4 /* ARTraverser.h */,
				813DACE51EAD5C5C00E701C4 /* ARTraverser.cpp */,
				813DACE91EAD5CD200E701C4 /* Node.h */,
				813DACE81EAD5CD200E701C4 /* Node.cpp */,
			);
			path = "OOP-HW2";
			sourceTree = "<group>";
		};
/* End PBXGroup section */

/* Begin PBXNativeTarget section */
		813DACD71EAD5AE900E701C4 /* OOP-HW2 */ = {
			isa = PBXNativeTarget;
			buildConfigurationList = 813DACDF1EAD5AE900E701C4 /* Build configuration list for PBXNativeTarget "OOP-HW2" */;
			buildPhases = (
				813DACD41EAD5AE900E701C4 /* Sources */,
				813DACD51EAD5AE900E701C4 /* Frameworks */,
				813DACD61EAD5AE900E701C4 /* CopyFiles */,
			);
			buildRules = (
			);
			dependencies = (
			);
			name = "OOP-HW2";
			productName = "OOP-HW2";
			productReference = 813DACD81EAD5AE900E701C4 /* OOP-HW2 */;
			productType = "com.apple.product-type.tool";
		};
/* End PBXNativeTarget section */

/* Begin PBXProject section */
		813DACD01EAD5AE900E701C4 /* Project object */ = {
			isa = PBXProject;
			attributes = {
				LastUpgradeCheck = 0830;
				ORGANIZATIONNAME = "Doruk Gezici";
				TargetAttributes = {
					813DACD71EAD5AE900E701C4 = {
						CreatedOnToolsVersion = 8.3.2;
						DevelopmentTeam = HYE6963K2F;
						ProvisioningStyle = Automatic;
					};
				};
			};
			buildConfigurationList = 813DACD31EAD5AE900E701C4 /* Build configuration list for PBXProject "OOP-HW2" */;
			compatibilityVersion = "Xcode 3.2";
			developmentRegion = English;
			hasScannedForEncodings = 0;
			knownRegions = (
				en,
			);
			mainGroup = 813DACCF1EAD5AE900E701C4;
			productRefGroup = 813DACD91EAD5AE900E701C4 /* Products */;
			projectDirPath = "";
			projectRoot = "";
			targets = (
				813DACD71EAD5AE900E701C4 /* OOP-HW2 */,
			);
		};
/* End PBXProject section */

/* Begin PBXSourcesBuildPhase section */
		813DACD41EAD5AE900E701C4 /* Sources */ = {
			isa = PBXSourcesBuildPhase;
			buildActionMask = 2147483647;
			files = (
				813DACDC1EAD5AE900E701C4 /* main.cpp in Sources */,
				813DACE41EAD5B7C00E701C4 /* AdderRemover.cpp in Sources */,
				813DACE71EAD5C5C00E701C4 /* ARTraverser.cpp in Sources */,
				813DACEA1EAD5CD200E701C4 /* Node.cpp in Sources */,
			);
			runOnlyForDeploymentPostprocessing = 0;
		};
/* End PBXSourcesBuildPhase section */

/* Begin XCBuildConfiguration section */
		813DACDD1EAD5AE900E701C4 /* Debug */ = {
			isa = XCBuildConfiguration;
			buildSettings = {
				ALWAYS_SEARCH_USER_PATHS = NO;
				CLANG_ANALYZER_NONNULL = YES;
				CLANG_ANALYZER_NUMBER_OBJECT_CONVERSION = YES_AGGRESSIVE;
				CLANG_CXX_LANGUAGE_STANDARD = "gnu++0x";
				CLANG_CXX_LIBRARY = "libc++";
				CLANG_ENABLE_MODULES = YES;
				CLANG_ENABLE_OBJC_ARC = YES;
				CLANG_WARN_BOOL_CONVERSION = YES;
				CLANG_WARN_CONSTANT_CONVERSION = YES;
				CLANG_WARN_DIRECT_OBJC_ISA_USAGE = YES_ERROR;
				CLANG_WARN_DOCUMENTATION_COMMENTS = YES;
				CLANG_WARN_EMPTY_BODY = YES;
				CLANG_WARN_ENUM_CONVERSION = YES;
				CLANG_WARN_INFINITE_RECURSION = YES;
				CLANG_WARN_INT_CONVERSION = YES;
				CLANG_WARN_OBJC_ROOT_CLASS = YES_ERROR;
				CLANG_WARN_SUSPICIOUS_MOVE = YES;
				CLANG_WARN_UNREACHABLE_CODE = YES;
				CLANG_WARN__DUPLICATE_METHOD_MATCH = YES;
				CODE_SIGN_IDENTITY = "-";
				COPY_PHASE_STRIP = NO;
				DEBUG_INFORMATION_FORMAT = dwarf;
				ENABLE_STRICT_OBJC_MSGSEND = YES;
				ENABLE_TESTABILITY = YES;
				GCC_C_LANGUAGE_STANDARD = gnu99;
				GCC_DYNAMIC_NO_PIC = NO;
				GCC_NO_COMMON_BLOCKS = YES;
				GCC_OPTIMIZATION_LEVEL = 0;
				GCC_PREPROCESSOR_DEFINITIONS = (
					"DEBUG=1",
					"$(inherited)",
				);
				GCC_WARN_64_TO_32_BIT_CONVERSION = YES;
				GCC_WARN_ABOUT_RETURN_TYPE = YES_ERROR;
				GCC_WARN_UNDECLARED_SELECTOR = YES;
				GCC_WARN_UNINITIALIZED_AUTOS = YES_AGGRESSIVE;
				GCC_WARN_UNUSED_FUNCTION = YES;
				GCC_WARN_UNUSED_VARIABLE = YES;
				MACOSX_DEPLOYMENT_TARGET = 10.12;
				MTL_ENABLE_DEBUG_INFO = YES;
				ONLY_ACTIVE_ARCH = YES;
				SDKROOT = macosx;
			};
			name = Debug;
		};
		813DACDE1EAD5AE900E701C4 /* Release */ = {
			isa = XCBuildConfiguration;
			buildSettings = {
				ALWAYS_SEARCH_USER_PATHS = NO;
				CLANG_ANALYZER_NONNULL = YES;
				CLANG_ANALYZER_NUMBER_OBJECT_CONVERSION = YES_AGGRESSIVE;
				CLANG_CXX_LANGUAGE_STANDARD = "gnu++0x";
				CLANG_CXX_LIBRARY = "libc++";
				CLANG_ENABLE_MODULES = YES;
				CLANG_ENABLE_OBJC_ARC = YES;
				CLANG_WARN_BOOL_CONVERSION = YES;
				CLANG_WARN_CONSTANT_CONVERSION = YES;
				CLANG_WARN_DIRECT_OBJC_ISA_USAGE = YES_ERROR;
				CLANG_WARN_DOCUMENTATION_COMMENTS = YES;
				CLANG_WARN_EMPTY_BODY = YES;
				CLANG_WARN_ENUM_CONVERSION = YES;
				CLANG_WARN_INFINITE_RECURSION = YES;
				CLANG_WARN_INT_CONVERSION = YES;
				CLANG_WARN_OBJC_ROOT_CLASS = YES_ERROR;
				CLANG_WARN_SUSPICIOUS_MOVE = YES;
				CLANG_WARN_UNREACHABLE_CODE = YES;
				CLANG_WARN__DUPLICATE_METHOD_MATCH = YES;
				CODE_SIGN_IDENTITY = "-";
				COPY_PHASE_STRIP = NO;
				DEBUG_INFORMATION_FORMAT = "dwarf-with-dsym";
				ENABLE_NS_ASSERTIONS = NO;
				ENABLE_STRICT_OBJC_MSGSEND = YES;
				GCC_C_LANGUAGE_STANDARD = gnu99;
				GCC_NO_COMMON_BLOCKS = YES;
				GCC_WARN_64_TO_32_BIT_CONVERSION = YES;
				GCC_WARN_ABOUT_RETURN_TYPE = YES_ERROR;
				GCC_WARN_UNDECLARED_SELECTOR = YES;
				GCC_WARN_UNINITIALIZED_AUTOS = YES_AGGRESSIVE;
				GCC_WARN_UNUSED_FUNCTION = YES;
				GCC_WARN_UNUSED_VARIABLE = YES;
				MACOSX_DEPLOYMENT_TARGET = 10.12;
				MTL_ENABLE_DEBUG_INFO = NO;
				SDKROOT = macosx;
			};
			name = Release;
		};
		813DACE01EAD5AE900E701C4 /* Debug */ = {
			isa = XCBuildConfiguration;
			buildSettings = {
				DEVELOPMENT_TEAM = HYE6963K2F;
				PRODUCT_NAME = "$(TARGET_NAME)";
			};
			name = Debug;
		};
		813DACE11EAD5AE900E701C4 /* Release */ = {
			isa = XCBuildConfiguration;
			buildSettings = {
				DEVELOPMENT_TEAM = HYE6963K2F;
				PRODUCT_NAME = "$(TARGET_NAME)";
			};
			name = Release;
		};
/* End XCBuildConfiguration section */

/* Begin XCConfigurationList section */
		813DACD31EAD5AE900E701C4 /* Build configuration list for PBXProject "OOP-HW2" */ = {
			isa = XCConfigurationList;
			buildConfigurations = (
				813DACDD1EAD5AE900E701C4 /* Debug */,
				813DACDE1EAD5AE900E701C4 /* Release */,
			);
			defaultConfigurationIsVisible = 0;
			defaultConfigurationName = Release;
		};
		813DACDF1EAD5AE900E701C4 /* Build configuration list for PBXNativeTarget "OOP-HW2" */ = {
			isa = XCConfigurationList;
			buildConfigurations = (
				813DACE01EAD5AE900E701C4 /* Debug */,
				813DACE11EAD5AE900E701C4 /* Release */,
			);
			defaultConfigurationIsVisible = 0;
		};
/* End XCConfigurationList section */
	};
	rootObject = 813DACD01EAD5AE900E701C4 /* Project object */;
}
